{
  "name": "now-lms",
  "lockfileVersion": 2,
  "requires": true,
  "packages": {
    "": {
      "dependencies": {
        "@fullcalendar/bootstrap5": "^6.1.11",
        "@fullcalendar/core": "^6.1.11",
        "@fullcalendar/icalendar": "^6.1.11",
        "@fullcalendar/interaction": "^6.1.11",
        "bootstrap-icons": "^1.11.3"
      }
    },
    "node_modules/@fullcalendar/bootstrap5": {
      "version": "6.1.11",
      "resolved": "https://registry.npmjs.org/@fullcalendar/bootstrap5/-/bootstrap5-6.1.11.tgz",
      "integrity": "sha512-wZ2eYtZoi8VS2tcoe2oeca8wkkY85Nn+rH35JpFx35H77EMB5xBTtGAAEk9AClFkn+QscAwoOz3nyy1z0EqNpA==",
      "peerDependencies": {
        "@fullcalendar/core": "~6.1.11"
      }
    },
    "node_modules/@fullcalendar/core": {
      "version": "6.1.11",
      "resolved": "https://registry.npmjs.org/@fullcalendar/core/-/core-6.1.11.tgz",
      "integrity": "sha512-TjG7c8sUz+Vkui2FyCNJ+xqyu0nq653Ibe99A66LoW95oBo6tVhhKIaG1Wh0GVKymYiqAQN/OEdYTuj4ay27kA==",
      "dependencies": {
        "preact": "~10.12.1"
      }
    },
    "node_modules/@fullcalendar/icalendar": {
      "version": "6.1.11",
      "resolved": "https://registry.npmjs.org/@fullcalendar/icalendar/-/icalendar-6.1.11.tgz",
      "integrity": "sha512-a1kFIUs/G1ic9kkblL08n8Vwqw+jkBExhgFjbARVQrvyTwx0/SDmRtt0crqlkUYUOnu5nofj3xXPNupdxgPSwg==",
      "peerDependencies": {
        "@fullcalendar/core": "~6.1.11",
        "ical.js": "^1.4.0"
      }
    },
    "node_modules/@fullcalendar/interaction": {
      "version": "6.1.11",
      "resolved": "https://registry.npmjs.org/@fullcalendar/interaction/-/interaction-6.1.11.tgz",
      "integrity": "sha512-ynOKjzuPwEAMgTQ6R/Z2zvzIIqG4p8/Qmnhi1q0vzPZZxSIYx3rlZuvpEK2WGBZZ1XEafDOP/LGfbWoNZe+qdg==",
      "peerDependencies": {
        "@fullcalendar/core": "~6.1.11"
      }
    },
    "node_modules/bootstrap-icons": {
      "version": "1.11.3",
      "resolved": "https://registry.npmjs.org/bootstrap-icons/-/bootstrap-icons-1.11.3.tgz",
      "integrity": "sha512-+3lpHrCw/it2/7lBL15VR0HEumaBss0+f/Lb6ZvHISn1mlK83jjFpooTLsMWbIjJMDjDjOExMsTxnXSIT4k4ww==",
      "funding": [
        {
          "type": "github",
          "url": "https://github.com/sponsors/twbs"
        },
        {
          "type": "opencollective",
          "url": "https://opencollective.com/bootstrap"
        }
      ]
    },
    "node_modules/ical.js": {
      "version": "1.5.0",
      "resolved": "https://registry.npmjs.org/ical.js/-/ical.js-1.5.0.tgz",
      "integrity": "sha512-7ZxMkogUkkaCx810yp0ZGKvq1ZpRgJeornPttpoxe6nYZ3NLesZe1wWMXDdwTkj/b5NtXT+Y16Aakph/ao98ZQ==",
      "peer": true
    },
    "node_modules/preact": {
      "version": "10.12.1",
      "resolved": "https://registry.npmjs.org/preact/-/preact-10.12.1.tgz",
      "integrity": "sha512-l8386ixSsBdbreOAkqtrwqHwdvR35ID8c3rKPa8lCWuO86dBi32QWHV4vfsZK1utLLFMvw+Z5Ad4XLkZzchscg==",
      "funding": {
        "type": "opencollective",
        "url": "https://opencollective.com/preact"
      }
    }
  },
  "dependencies": {
    "@fullcalendar/bootstrap5": {
      "version": "6.1.11",
      "resolved": "https://registry.npmjs.org/@fullcalendar/bootstrap5/-/bootstrap5-6.1.11.tgz",
      "integrity": "sha512-wZ2eYtZoi8VS2tcoe2oeca8wkkY85Nn+rH35JpFx35H77EMB5xBTtGAAEk9AClFkn+QscAwoOz3nyy1z0EqNpA==",
      "requires": {}
    },
    "@fullcalendar/core": {
      "version": "6.1.11",
      "resolved": "https://registry.npmjs.org/@fullcalendar/core/-/core-6.1.11.tgz",
      "integrity": "sha512-TjG7c8sUz+Vkui2FyCNJ+xqyu0nq653Ibe99A66LoW95oBo6tVhhKIaG1Wh0GVKymYiqAQN/OEdYTuj4ay27kA==",
      "requires": {
        "preact": "~10.12.1"
      }
    },
    "@fullcalendar/icalendar": {
      "version": "6.1.11",
      "resolved": "https://registry.npmjs.org/@fullcalendar/icalendar/-/icalendar-6.1.11.tgz",
      "integrity": "sha512-a1kFIUs/G1ic9kkblL08n8Vwqw+jkBExhgFjbARVQrvyTwx0/SDmRtt0crqlkUYUOnu5nofj3xXPNupdxgPSwg==",
      "requires": {}
    },
    "@fullcalendar/interaction": {
      "version": "6.1.11",
      "resolved": "https://registry.npmjs.org/@fullcalendar/interaction/-/interaction-6.1.11.tgz",
      "integrity": "sha512-ynOKjzuPwEAMgTQ6R/Z2zvzIIqG4p8/Qmnhi1q0vzPZZxSIYx3rlZuvpEK2WGBZZ1XEafDOP/LGfbWoNZe+qdg==",
      "requires": {}
    },
    "bootstrap-icons": {
      "version": "1.11.3",
      "resolved": "https://registry.npmjs.org/bootstrap-icons/-/bootstrap-icons-1.11.3.tgz",
      "integrity": "sha512-+3lpHrCw/it2/7lBL15VR0HEumaBss0+f/Lb6ZvHISn1mlK83jjFpooTLsMWbIjJMDjDjOExMsTxnXSIT4k4ww=="
    },
    "ical.js": {
      "version": "1.5.0",
      "resolved": "https://registry.npmjs.org/ical.js/-/ical.js-1.5.0.tgz",
      "integrity": "sha512-7ZxMkogUkkaCx810yp0ZGKvq1ZpRgJeornPttpoxe6nYZ3NLesZe1wWMXDdwTkj/b5NtXT+Y16Aakph/ao98ZQ==",
      "peer": true
    },
    "preact": {
      "version": "10.12.1",
      "resolved": "https://registry.npmjs.org/preact/-/preact-10.12.1.tgz",
      "integrity": "sha512-l8386ixSsBdbreOAkqtrwqHwdvR35ID8c3rKPa8lCWuO86dBi32QWHV4vfsZK1utLLFMvw+Z5Ad4XLkZzchscg=="
    }
  }
}
